
Microsoft Visual Studio Solution File, Format Version 12.00
# Visual Studio 15
VisualStudioVersion = 15.0.27703.2026
MinimumVisualStudioVersion = 10.0.40219.1
Project("{8BC9CEB8-8B4A-11D0-8D11-00A0C91BC942}") = "week02", "that_will_be_the_best_birthday_ever\that_will_be_the_best_birthday_ever.vcxproj", "{2177085B-FD82-4A4C-9318-65E5015E3D6E}"
EndProject
Project("{8BC9CEB8-8B4A-11D0-8D11-00A0C91BC942}") = "week03", "week03\week03.vcxproj", "{ECE129F3-0B71-485A-A7E6-F0282E26ED27}"
EndProject
Project("{8BC9CEB8-8B4A-11D0-8D11-00A0C91BC942}") = "week04", "week04\week04.vcxproj", "{2B598EB7-1EDF-4CF7-A6A8-DD6B8A929655}"
EndProject
Project("{8BC9CEB8-8B4A-11D0-8D11-00A0C91BC942}") = "week05", "week05\week05.vcxproj", "{8851DFBE-2D60-4937-8F97-F10FC8FC10F2}"
EndProject
Project("{8BC9CEB8-8B4A-11D0-8D11-00A0C91BC942}") = "week06", "week06\week06.vcxproj", "{B7AFFE1B-67B1-48E9-BE0D-57B2AE49293A}"
EndProject
Project("{8BC9CEB8-8B4A-11D0-8D11-00A0C91BC942}") = "week07", "week07\week07.vcxproj", "{758A4A24-DBE0-4318-91BF-B4101174D7D5}"
EndProject
Project("{8BC9CEB8-8B4A-11D0-8D11-00A0C91BC942}") = "week09", "week09\week09.vcxproj", "{1219D0E0-5477-4442-BA77-055B35AFC641}"
EndProject
Global
	GlobalSection(SolutionConfigurationPlatforms) = preSolution
		Debug|x64 = Debug|x64
		Debug|x86 = Debug|x86
		Release|x64 = Release|x64
		Release|x86 = Release|x86
	EndGlobalSection
	GlobalSection(ProjectConfigurationPlatforms) = postSolution
		{2177085B-FD82-4A4C-9318-65E5015E3D6E}.Debug|x64.ActiveCfg = Debug|x64
		{2177085B-FD82-4A4C-9318-65E5015E3D6E}.Debug|x64.Build.0 = Debug|x64
		{2177085B-FD82-4A4C-9318-65E5015E3D6E}.Debug|x86.ActiveCfg = Debug|Win32
		{2177085B-FD82-4A4C-9318-65E5015E3D6E}.Debug|x86.Build.0 = Debug|Win32
		{2177085B-FD82-4A4C-9318-65E5015E3D6E}.Release|x64.ActiveCfg = Release|x64
		{2177085B-FD82-4A4C-9318-65E5015E3D6E}.Release|x64.Build.0 = Release|x64
		{2177085B-FD82-4A4C-9318-65E5015E3D6E}.Release|x86.ActiveCfg = Release|Win32
		{2177085B-FD82-4A4C-9318-65E5015E3D6E}.Release|x86.Build.0 = Release|Win32
		{ECE129F3-0B71-485A-A7E6-F0282E26ED27}.Debug|x64.ActiveCfg = Debug|x64
		{ECE129F3-0B71-485A-A7E6-F0282E26ED27}.Debug|x64.Build.0 = Debug|x64
		{ECE129F3-0B71-485A-A7E6-F0282E26ED27}.Debug|x86.ActiveCfg = Debug|Win32
		{ECE129F3-0B71-485A-A7E6-F0282E26ED27}.Debug|x86.Build.0 = Debug|Win32
		{ECE129F3-0B71-485A-A7E6-F0282E26ED27}.Release|x64.ActiveCfg = Release|x64
		{ECE129F3-0B71-485A-A7E6-F0282E26ED27}.Release|x64.Build.0 = Release|x64
		{ECE129F3-0B71-485A-A7E6-F0282E26ED27}.Release|x86.ActiveCfg = Release|Win32
		{ECE129F3-0B71-485A-A7E6-F0282E26ED27}.Release|x86.Build.0 = Release|Win32
		{2B598EB7-1EDF-4CF7-A6A8-DD6B8A929655}.Debug|x64.ActiveCfg = Debug|x64
		{2B598EB7-1EDF-4CF7-A6A8-DD6B8A929655}.Debug|x64.Build.0 = Debug|x64
		{2B598EB7-1EDF-4CF7-A6A8-DD6B8A929655}.Debug|x86.ActiveCfg = Debug|Win32
		{2B598EB7-1EDF-4CF7-A6A8-DD6B8A929655}.Debug|x86.Build.0 = Debug|Win32
		{2B598EB7-1EDF-4CF7-A6A8-DD6B8A929655}.Release|x64.ActiveCfg = Release|x64
		{2B598EB7-1EDF-4CF7-A6A8-DD6B8A929655}.Release|x64.Build.0 = Release|x64
		{2B598EB7-1EDF-4CF7-A6A8-DD6B8A929655}.Release|x86.ActiveCfg = Release|Win32
		{2B598EB7-1EDF-4CF7-A6A8-DD6B8A929655}.Release|x86.Build.0 = Release|Win32
		{8851DFBE-2D60-4937-8F97-F10FC8FC10F2}.Debug|x64.ActiveCfg = Debug|x64
		{8851DFBE-2D60-4937-8F97-F10FC8FC10F2}.Debug|x64.Build.0 = Debug|x64
		{8851DFBE-2D60-4937-8F97-F10FC8FC10F2}.Debug|x86.ActiveCfg = Debug|Win32
		{8851DFBE-2D60-4937-8F97-F10FC8FC10F2}.Debug|x86.Build.0 = Debug|Win32
		{8851DFBE-2D60-4937-8F97-F10FC8FC10F2}.Release|x64.ActiveCfg = Release|x64
		{8851DFBE-2D60-4937-8F97-F10FC8FC10F2}.Release|x64.Build.0 = Release|x64
		{8851DFBE-2D60-4937-8F97-F10FC8FC10F2}.Release|x86.ActiveCfg = Release|Win32
		{8851DFBE-2D60-4937-8F97-F10FC8FC10F2}.Release|x86.Build.0 = Release|Win32
		{B7AFFE1B-67B1-48E9-BE0D-57B2AE49293A}.Debug|x64.ActiveCfg = Debug|x64
		{B7AFFE1B-67B1-48E9-BE0D-57B2AE49293A}.Debug|x64.Build.0 = Debug|x64
		{B7AFFE1B-67B1-48E9-BE0D-57B2AE49293A}.Debug|x86.ActiveCfg = Debug|Win32
		{B7AFFE1B-67B1-48E9-BE0D-57B2AE49293A}.Debug|x86.Build.0 = Debug|Win32
		{B7AFFE1B-67B1-48E9-BE0D-57B2AE49293A}.Release|x64.ActiveCfg = Release|x64
		{B7AFFE1B-67B1-48E9-BE0D-57B2AE49293A}.Release|x64.Build.0 = Release|x64
		{B7AFFE1B-67B1-48E9-BE0D-57B2AE49293A}.Release|x86.ActiveCfg = Release|Win32
		{B7AFFE1B-67B1-48E9-BE0D-57B2AE49293A}.Release|x86.Build.0 = Release|Win32
		{758A4A24-DBE0-4318-91BF-B4101174D7D5}.Debug|x64.ActiveCfg = Debug|x64
		{758A4A24-DBE0-4318-91BF-B4101174D7D5}.Debug|x64.Build.0 = Debug|x64
		{758A4A24-DBE0-4318-91BF-B4101174D7D5}.Debug|x86.ActiveCfg = Debug|Win32
		{758A4A24-DBE0-4318-91BF-B4101174D7D5}.Debug|x86.Build.0 = Debug|Win32
		{758A4A24-DBE0-4318-91BF-B4101174D7D5}.Release|x64.ActiveCfg = Release|x64
		{758A4A24-DBE0-4318-91BF-B4101174D7D5}.Release|x64.Build.0 = Release|x64
		{758A4A24-DBE0-4318-91BF-B4101174D7D5}.Release|x86.ActiveCfg = Release|Win32
		{758A4A24-DBE0-4318-91BF-B4101174D7D5}.Release|x86.Build.0 = Release|Win32
		{1219D0E0-5477-4442-BA77-055B35AFC641}.Debug|x64.ActiveCfg = Debug|x64
		{1219D0E0-5477-4442-BA77-055B35AFC641}.Debug|x64.Build.0 = Debug|x64
		{1219D0E0-5477-4442-BA77-055B35AFC641}.Debug|x86.ActiveCfg = Debug|Win32
		{1219D0E0-5477-4442-BA77-055B35AFC641}.Debug|x86.Build.0 = Debug|Win32
		{1219D0E0-5477-4442-BA77-055B35AFC641}.Release|x64.ActiveCfg = Release|x64
		{1219D0E0-5477-4442-BA77-055B35AFC641}.Release|x64.Build.0 = Release|x64
		{1219D0E0-5477-4442-BA77-055B35AFC641}.Release|x86.ActiveCfg = Release|Win32
		{1219D0E0-5477-4442-BA77-055B35AFC641}.Release|x86.Build.0 = Release|Win32
	EndGlobalSection
	GlobalSection(SolutionProperties) = preSolution
		HideSolutionNode = FALSE
	EndGlobalSection
	GlobalSection(ExtensibilityGlobals) = postSolution
		SolutionGuid = {37DC7229-7E75-47B6-BA54-BC8C22AF3FA2}
	EndGlobalSection
EndGlobal
